
Microsoft Visual Studio Solution File, Format Version 12.00
# Visual Studio Version 16
VisualStudioVersion = 16.0.30204.135
MinimumVisualStudioVersion = 10.0.40219.1
Project("{FAE04EC0-301F-11D3-BF4B-00C04F79EFBC}") = "DotnetBasics", "DotnetBasics\DotnetBasics.csproj", "{30B90FFA-49D8-48A4-986A-D6665358947C}"
EndProject
Project("{FAE04EC0-301F-11D3-BF4B-00C04F79EFBC}") = "Task1", "Task1\Task1.csproj", "{A04B47CF-4E68-4B63-8D13-B3FFE104AD70}"
EndProject
Project("{FAE04EC0-301F-11D3-BF4B-00C04F79EFBC}") = "MathLibrary", "MathLibrary\MathLibrary.csproj", "{040A753B-FF99-4F61-9E62-F27F5C5B8C6F}"
EndProject
Project("{FAE04EC0-301F-11D3-BF4B-00C04F79EFBC}") = "Task2", "Task2\Task2.csproj", "{3146FE81-5F72-4A07-84E6-1DD4BA371547}"
EndProject
Project("{FAE04EC0-301F-11D3-BF4B-00C04F79EFBC}") = "Task3", "Task3\Task3.csproj", "{A33C48A9-6242-448F-9BB9-00137023F71E}"
EndProject
Global
	GlobalSection(SolutionConfigurationPlatforms) = preSolution
		Debug|Any CPU = Debug|Any CPU
		Release|Any CPU = Release|Any CPU
	EndGlobalSection
	GlobalSection(ProjectConfigurationPlatforms) = postSolution
		{30B90FFA-49D8-48A4-986A-D6665358947C}.Debug|Any CPU.ActiveCfg = Debug|Any CPU
		{30B90FFA-49D8-48A4-986A-D6665358947C}.Debug|Any CPU.Build.0 = Debug|Any CPU
		{30B90FFA-49D8-48A4-986A-D6665358947C}.Release|Any CPU.ActiveCfg = Release|Any CPU
		{30B90FFA-49D8-48A4-986A-D6665358947C}.Release|Any CPU.Build.0 = Release|Any CPU
		{A04B47CF-4E68-4B63-8D13-B3FFE104AD70}.Debug|Any CPU.ActiveCfg = Debug|Any CPU
		{A04B47CF-4E68-4B63-8D13-B3FFE104AD70}.Debug|Any CPU.Build.0 = Debug|Any CPU
		{A04B47CF-4E68-4B63-8D13-B3FFE104AD70}.Release|Any CPU.ActiveCfg = Release|Any CPU
		{A04B47CF-4E68-4B63-8D13-B3FFE104AD70}.Release|Any CPU.Build.0 = Release|Any CPU
		{040A753B-FF99-4F61-9E62-F27F5C5B8C6F}.Debug|Any CPU.ActiveCfg = Debug|Any CPU
		{040A753B-FF99-4F61-9E62-F27F5C5B8C6F}.Debug|Any CPU.Build.0 = Debug|Any CPU
		{040A753B-FF99-4F61-9E62-F27F5C5B8C6F}.Release|Any CPU.ActiveCfg = Release|Any CPU
		{040A753B-FF99-4F61-9E62-F27F5C5B8C6F}.Release|Any CPU.Build.0 = Release|Any CPU
		{3146FE81-5F72-4A07-84E6-1DD4BA371547}.Debug|Any CPU.ActiveCfg = Debug|Any CPU
		{3146FE81-5F72-4A07-84E6-1DD4BA371547}.Debug|Any CPU.Build.0 = Debug|Any CPU
		{3146FE81-5F72-4A07-84E6-1DD4BA371547}.Release|Any CPU.ActiveCfg = Release|Any CPU
		{3146FE81-5F72-4A07-84E6-1DD4BA371547}.Release|Any CPU.Build.0 = Release|Any CPU
		{A33C48A9-6242-448F-9BB9-00137023F71E}.Debug|Any CPU.ActiveCfg = Debug|Any CPU
		{A33C48A9-6242-448F-9BB9-00137023F71E}.Debug|Any CPU.Build.0 = Debug|Any CPU
		{A33C48A9-6242-448F-9BB9-00137023F71E}.Release|Any CPU.ActiveCfg = Release|Any CPU
		{A33C48A9-6242-448F-9BB9-00137023F71E}.Release|Any CPU.Build.0 = Release|Any CPU
	EndGlobalSection
	GlobalSection(SolutionProperties) = preSolution
		HideSolutionNode = FALSE
	EndGlobalSection
	GlobalSection(ExtensibilityGlobals) = postSolution
		SolutionGuid = {3892817A-EF42-4C4A-B36F-3D063A4714A8}
	EndGlobalSection
EndGlobal
