
Microsoft Visual Studio Solution File, Format Version 12.00
# Visual Studio Version 16
VisualStudioVersion = 16.0.31729.503
MinimumVisualStudioVersion = 10.0.40219.1
Project("{FAE04EC0-301F-11D3-BF4B-00C04F79EFBC}") = "PL.WinForm", "3Layers\PL.WinForm.csproj", "{4E62B96D-3E78-40D2-B4F8-EC1B2F9DF556}"
EndProject
Project("{FAE04EC0-301F-11D3-BF4B-00C04F79EFBC}") = "BLL", "BLL\BLL.csproj", "{C41F5D51-4F57-42C9-B053-7991996D8D2E}"
EndProject
Project("{FAE04EC0-301F-11D3-BF4B-00C04F79EFBC}") = "Entities", "Entities\Entities.csproj", "{2ECB7A14-593C-4B92-9551-528C1D6C889B}"
EndProject
Project("{FAE04EC0-301F-11D3-BF4B-00C04F79EFBC}") = "DAL", "DAL\DAL.csproj", "{108A0412-5C9E-4EEA-90B4-06B6772B4904}"
EndProject
Project("{FAE04EC0-301F-11D3-BF4B-00C04F79EFBC}") = "Interfaces", "Interfaces\Interfaces.csproj", "{FE3149A4-5808-4248-8A25-CEAB26D96289}"
EndProject
Global
	GlobalSection(SolutionConfigurationPlatforms) = preSolution
		Debug|Any CPU = Debug|Any CPU
		Release|Any CPU = Release|Any CPU
	EndGlobalSection
	GlobalSection(ProjectConfigurationPlatforms) = postSolution
		{4E62B96D-3E78-40D2-B4F8-EC1B2F9DF556}.Debug|Any CPU.ActiveCfg = Debug|Any CPU
		{4E62B96D-3E78-40D2-B4F8-EC1B2F9DF556}.Debug|Any CPU.Build.0 = Debug|Any CPU
		{4E62B96D-3E78-40D2-B4F8-EC1B2F9DF556}.Release|Any CPU.ActiveCfg = Release|Any CPU
		{4E62B96D-3E78-40D2-B4F8-EC1B2F9DF556}.Release|Any CPU.Build.0 = Release|Any CPU
		{C41F5D51-4F57-42C9-B053-7991996D8D2E}.Debug|Any CPU.ActiveCfg = Debug|Any CPU
		{C41F5D51-4F57-42C9-B053-7991996D8D2E}.Debug|Any CPU.Build.0 = Debug|Any CPU
		{C41F5D51-4F57-42C9-B053-7991996D8D2E}.Release|Any CPU.ActiveCfg = Release|Any CPU
		{C41F5D51-4F57-42C9-B053-7991996D8D2E}.Release|Any CPU.Build.0 = Release|Any CPU
		{2ECB7A14-593C-4B92-9551-528C1D6C889B}.Debug|Any CPU.ActiveCfg = Debug|Any CPU
		{2ECB7A14-593C-4B92-9551-528C1D6C889B}.Debug|Any CPU.Build.0 = Debug|Any CPU
		{2ECB7A14-593C-4B92-9551-528C1D6C889B}.Release|Any CPU.ActiveCfg = Release|Any CPU
		{2ECB7A14-593C-4B92-9551-528C1D6C889B}.Release|Any CPU.Build.0 = Release|Any CPU
		{108A0412-5C9E-4EEA-90B4-06B6772B4904}.Debug|Any CPU.ActiveCfg = Debug|Any CPU
		{108A0412-5C9E-4EEA-90B4-06B6772B4904}.Debug|Any CPU.Build.0 = Debug|Any CPU
		{108A0412-5C9E-4EEA-90B4-06B6772B4904}.Release|Any CPU.ActiveCfg = Release|Any CPU
		{108A0412-5C9E-4EEA-90B4-06B6772B4904}.Release|Any CPU.Build.0 = Release|Any CPU
		{FE3149A4-5808-4248-8A25-CEAB26D96289}.Debug|Any CPU.ActiveCfg = Debug|Any CPU
		{FE3149A4-5808-4248-8A25-CEAB26D96289}.Debug|Any CPU.Build.0 = Debug|Any CPU
		{FE3149A4-5808-4248-8A25-CEAB26D96289}.Release|Any CPU.ActiveCfg = Release|Any CPU
		{FE3149A4-5808-4248-8A25-CEAB26D96289}.Release|Any CPU.Build.0 = Release|Any CPU
	EndGlobalSection
	GlobalSection(SolutionProperties) = preSolution
		HideSolutionNode = FALSE
	EndGlobalSection
	GlobalSection(ExtensibilityGlobals) = postSolution
		SolutionGuid = {31318989-84FC-4FB2-A1E6-2041494D1D22}
	EndGlobalSection
EndGlobal
