
Microsoft Visual Studio Solution File, Format Version 12.00
# Visual Studio Version 16
VisualStudioVersion = 16.0.30204.135
MinimumVisualStudioVersion = 10.0.40219.1
Project("{9A19103F-16F7-4668-BE54-9A1E7A4F7556}") = "Task1", "Task1\Task1.csproj", "{1680ABFE-B4AE-4E58-A401-0AA6D0BF7508}"
EndProject
Project("{FAE04EC0-301F-11D3-BF4B-00C04F79EFBC}") = "Task2", "Task2\Task2.csproj", "{38445E03-D5BC-4DF5-84EC-3A32793B2101}"
EndProject
Project("{FAE04EC0-301F-11D3-BF4B-00C04F79EFBC}") = "Task3", "Task3\Task3.csproj", "{300B3D8E-BBEF-4405-B644-D4F5FBAF2750}"
EndProject
Project("{FAE04EC0-301F-11D3-BF4B-00C04F79EFBC}") = "Task4", "Task4\Task4.csproj", "{FE0E7156-7891-4CCD-A0E8-9722AD4DC45E}"
EndProject
Global
	GlobalSection(SolutionConfigurationPlatforms) = preSolution
		Debug|Any CPU = Debug|Any CPU
		Release|Any CPU = Release|Any CPU
	EndGlobalSection
	GlobalSection(ProjectConfigurationPlatforms) = postSolution
		{1680ABFE-B4AE-4E58-A401-0AA6D0BF7508}.Debug|Any CPU.ActiveCfg = Debug|Any CPU
		{1680ABFE-B4AE-4E58-A401-0AA6D0BF7508}.Debug|Any CPU.Build.0 = Debug|Any CPU
		{1680ABFE-B4AE-4E58-A401-0AA6D0BF7508}.Release|Any CPU.ActiveCfg = Release|Any CPU
		{1680ABFE-B4AE-4E58-A401-0AA6D0BF7508}.Release|Any CPU.Build.0 = Release|Any CPU
		{38445E03-D5BC-4DF5-84EC-3A32793B2101}.Debug|Any CPU.ActiveCfg = Debug|Any CPU
		{38445E03-D5BC-4DF5-84EC-3A32793B2101}.Debug|Any CPU.Build.0 = Debug|Any CPU
		{38445E03-D5BC-4DF5-84EC-3A32793B2101}.Release|Any CPU.ActiveCfg = Release|Any CPU
		{38445E03-D5BC-4DF5-84EC-3A32793B2101}.Release|Any CPU.Build.0 = Release|Any CPU
		{300B3D8E-BBEF-4405-B644-D4F5FBAF2750}.Debug|Any CPU.ActiveCfg = Debug|Any CPU
		{300B3D8E-BBEF-4405-B644-D4F5FBAF2750}.Debug|Any CPU.Build.0 = Debug|Any CPU
		{300B3D8E-BBEF-4405-B644-D4F5FBAF2750}.Release|Any CPU.ActiveCfg = Release|Any CPU
		{300B3D8E-BBEF-4405-B644-D4F5FBAF2750}.Release|Any CPU.Build.0 = Release|Any CPU
		{FE0E7156-7891-4CCD-A0E8-9722AD4DC45E}.Debug|Any CPU.ActiveCfg = Debug|Any CPU
		{FE0E7156-7891-4CCD-A0E8-9722AD4DC45E}.Debug|Any CPU.Build.0 = Debug|Any CPU
		{FE0E7156-7891-4CCD-A0E8-9722AD4DC45E}.Release|Any CPU.ActiveCfg = Release|Any CPU
		{FE0E7156-7891-4CCD-A0E8-9722AD4DC45E}.Release|Any CPU.Build.0 = Release|Any CPU
	EndGlobalSection
	GlobalSection(SolutionProperties) = preSolution
		HideSolutionNode = FALSE
	EndGlobalSection
	GlobalSection(ExtensibilityGlobals) = postSolution
		SolutionGuid = {0F86DF50-F804-44E8-A24A-DD95A39E21EB}
	EndGlobalSection
EndGlobal
